
Microsoft Visual Studio Solution File, Format Version 12.00
# Visual Studio 2012
Project("{262852C6-CD72-467D-83FE-5EEB1973A190}") = "Voila", "Voila\Voila.jsproj", "{083400C9-59D1-4DE2-81B3-89E3F9577FEE}"
EndProject
Project("{FAE04EC0-301F-11D3-BF4B-00C04F79EFBC}") = "Voila.Component", "Voila.Component\Voila.Component.csproj", "{25BD6E93-9E65-4526-8C61-2F55AC1CF3D8}"
EndProject
Project("{FAE04EC0-301F-11D3-BF4B-00C04F79EFBC}") = "Voila.Service", "Voila.Service\Voila.Service.csproj", "{D16104FC-BC41-46C9-AFE0-8551541FB660}"
EndProject
Project("{FAE04EC0-301F-11D3-BF4B-00C04F79EFBC}") = "Voila.Test", "Voila.Test\Voila.Test.csproj", "{35F4B3F7-74F7-46D6-99D7-961B17B5124A}"
EndProject
Project("{262852C6-CD72-467D-83FE-5EEB1973A190}") = "Voila.App", "Voila.App\Voila.App.jsproj", "{529C3CEF-DE12-4EF3-9C53-A8F00C59792A}"
EndProject
Project("{FAE04EC0-301F-11D3-BF4B-00C04F79EFBC}") = "Voila.PushProcess", "Voila.PushProcess\Voila.PushProcess.csproj", "{3D44057C-F777-4842-AF7F-7CBC8A1D6902}"
EndProject
Project("{FAE04EC0-301F-11D3-BF4B-00C04F79EFBC}") = "Voila.PushInfo", "Voila.PushInfo\Voila.PushInfo.csproj", "{766EAEBB-A29D-4AE4-9A53-383C9636D6B0}"
EndProject
Global
	GlobalSection(SolutionConfigurationPlatforms) = preSolution
		Debug|Any CPU = Debug|Any CPU
		Debug|ARM = Debug|ARM
		Debug|x64 = Debug|x64
		Debug|x86 = Debug|x86
		Release|Any CPU = Release|Any CPU
		Release|ARM = Release|ARM
		Release|x64 = Release|x64
		Release|x86 = Release|x86
	EndGlobalSection
	GlobalSection(ProjectConfigurationPlatforms) = postSolution
		{083400C9-59D1-4DE2-81B3-89E3F9577FEE}.Debug|Any CPU.ActiveCfg = Debug|Any CPU
		{083400C9-59D1-4DE2-81B3-89E3F9577FEE}.Debug|Any CPU.Build.0 = Debug|Any CPU
		{083400C9-59D1-4DE2-81B3-89E3F9577FEE}.Debug|Any CPU.Deploy.0 = Debug|Any CPU
		{083400C9-59D1-4DE2-81B3-89E3F9577FEE}.Debug|ARM.ActiveCfg = Debug|ARM
		{083400C9-59D1-4DE2-81B3-89E3F9577FEE}.Debug|ARM.Build.0 = Debug|ARM
		{083400C9-59D1-4DE2-81B3-89E3F9577FEE}.Debug|ARM.Deploy.0 = Debug|ARM
		{083400C9-59D1-4DE2-81B3-89E3F9577FEE}.Debug|x64.ActiveCfg = Debug|x64
		{083400C9-59D1-4DE2-81B3-89E3F9577FEE}.Debug|x64.Build.0 = Debug|x64
		{083400C9-59D1-4DE2-81B3-89E3F9577FEE}.Debug|x64.Deploy.0 = Debug|x64
		{083400C9-59D1-4DE2-81B3-89E3F9577FEE}.Debug|x86.ActiveCfg = Debug|x86
		{083400C9-59D1-4DE2-81B3-89E3F9577FEE}.Debug|x86.Build.0 = Debug|x86
		{083400C9-59D1-4DE2-81B3-89E3F9577FEE}.Debug|x86.Deploy.0 = Debug|x86
		{083400C9-59D1-4DE2-81B3-89E3F9577FEE}.Release|Any CPU.ActiveCfg = Release|Any CPU
		{083400C9-59D1-4DE2-81B3-89E3F9577FEE}.Release|Any CPU.Build.0 = Release|Any CPU
		{083400C9-59D1-4DE2-81B3-89E3F9577FEE}.Release|Any CPU.Deploy.0 = Release|Any CPU
		{083400C9-59D1-4DE2-81B3-89E3F9577FEE}.Release|ARM.ActiveCfg = Release|ARM
		{083400C9-59D1-4DE2-81B3-89E3F9577FEE}.Release|ARM.Build.0 = Release|ARM
		{083400C9-59D1-4DE2-81B3-89E3F9577FEE}.Release|ARM.Deploy.0 = Release|ARM
		{083400C9-59D1-4DE2-81B3-89E3F9577FEE}.Release|x64.ActiveCfg = Release|x64
		{083400C9-59D1-4DE2-81B3-89E3F9577FEE}.Release|x64.Build.0 = Release|x64
		{083400C9-59D1-4DE2-81B3-89E3F9577FEE}.Release|x64.Deploy.0 = Release|x64
		{083400C9-59D1-4DE2-81B3-89E3F9577FEE}.Release|x86.ActiveCfg = Release|x86
		{083400C9-59D1-4DE2-81B3-89E3F9577FEE}.Release|x86.Build.0 = Release|x86
		{083400C9-59D1-4DE2-81B3-89E3F9577FEE}.Release|x86.Deploy.0 = Release|x86
		{25BD6E93-9E65-4526-8C61-2F55AC1CF3D8}.Debug|Any CPU.ActiveCfg = Debug|Any CPU
		{25BD6E93-9E65-4526-8C61-2F55AC1CF3D8}.Debug|Any CPU.Build.0 = Debug|Any CPU
		{25BD6E93-9E65-4526-8C61-2F55AC1CF3D8}.Debug|ARM.ActiveCfg = Debug|ARM
		{25BD6E93-9E65-4526-8C61-2F55AC1CF3D8}.Debug|ARM.Build.0 = Debug|ARM
		{25BD6E93-9E65-4526-8C61-2F55AC1CF3D8}.Debug|x64.ActiveCfg = Debug|x64
		{25BD6E93-9E65-4526-8C61-2F55AC1CF3D8}.Debug|x64.Build.0 = Debug|x64
		{25BD6E93-9E65-4526-8C61-2F55AC1CF3D8}.Debug|x86.ActiveCfg = Debug|x86
		{25BD6E93-9E65-4526-8C61-2F55AC1CF3D8}.Debug|x86.Build.0 = Debug|x86
		{25BD6E93-9E65-4526-8C61-2F55AC1CF3D8}.Release|Any CPU.ActiveCfg = Release|Any CPU
		{25BD6E93-9E65-4526-8C61-2F55AC1CF3D8}.Release|Any CPU.Build.0 = Release|Any CPU
		{25BD6E93-9E65-4526-8C61-2F55AC1CF3D8}.Release|ARM.ActiveCfg = Release|ARM
		{25BD6E93-9E65-4526-8C61-2F55AC1CF3D8}.Release|ARM.Build.0 = Release|ARM
		{25BD6E93-9E65-4526-8C61-2F55AC1CF3D8}.Release|x64.ActiveCfg = Release|x64
		{25BD6E93-9E65-4526-8C61-2F55AC1CF3D8}.Release|x64.Build.0 = Release|x64
		{25BD6E93-9E65-4526-8C61-2F55AC1CF3D8}.Release|x86.ActiveCfg = Release|x86
		{25BD6E93-9E65-4526-8C61-2F55AC1CF3D8}.Release|x86.Build.0 = Release|x86
		{D16104FC-BC41-46C9-AFE0-8551541FB660}.Debug|Any CPU.ActiveCfg = Debug|Any CPU
		{D16104FC-BC41-46C9-AFE0-8551541FB660}.Debug|Any CPU.Build.0 = Debug|Any CPU
		{D16104FC-BC41-46C9-AFE0-8551541FB660}.Debug|ARM.ActiveCfg = Debug|ARM
		{D16104FC-BC41-46C9-AFE0-8551541FB660}.Debug|ARM.Build.0 = Debug|ARM
		{D16104FC-BC41-46C9-AFE0-8551541FB660}.Debug|x64.ActiveCfg = Debug|x64
		{D16104FC-BC41-46C9-AFE0-8551541FB660}.Debug|x64.Build.0 = Debug|x64
		{D16104FC-BC41-46C9-AFE0-8551541FB660}.Debug|x86.ActiveCfg = Debug|x86
		{D16104FC-BC41-46C9-AFE0-8551541FB660}.Debug|x86.Build.0 = Debug|x86
		{D16104FC-BC41-46C9-AFE0-8551541FB660}.Release|Any CPU.ActiveCfg = Release|Any CPU
		{D16104FC-BC41-46C9-AFE0-8551541FB660}.Release|Any CPU.Build.0 = Release|Any CPU
		{D16104FC-BC41-46C9-AFE0-8551541FB660}.Release|ARM.ActiveCfg = Release|ARM
		{D16104FC-BC41-46C9-AFE0-8551541FB660}.Release|ARM.Build.0 = Release|ARM
		{D16104FC-BC41-46C9-AFE0-8551541FB660}.Release|x64.ActiveCfg = Release|x64
		{D16104FC-BC41-46C9-AFE0-8551541FB660}.Release|x64.Build.0 = Release|x64
		{D16104FC-BC41-46C9-AFE0-8551541FB660}.Release|x86.ActiveCfg = Release|x86
		{D16104FC-BC41-46C9-AFE0-8551541FB660}.Release|x86.Build.0 = Release|x86
		{35F4B3F7-74F7-46D6-99D7-961B17B5124A}.Debug|Any CPU.ActiveCfg = Debug|Any CPU
		{35F4B3F7-74F7-46D6-99D7-961B17B5124A}.Debug|Any CPU.Build.0 = Debug|Any CPU
		{35F4B3F7-74F7-46D6-99D7-961B17B5124A}.Debug|Any CPU.Deploy.0 = Debug|Any CPU
		{35F4B3F7-74F7-46D6-99D7-961B17B5124A}.Debug|ARM.ActiveCfg = Debug|ARM
		{35F4B3F7-74F7-46D6-99D7-961B17B5124A}.Debug|ARM.Build.0 = Debug|ARM
		{35F4B3F7-74F7-46D6-99D7-961B17B5124A}.Debug|ARM.Deploy.0 = Debug|ARM
		{35F4B3F7-74F7-46D6-99D7-961B17B5124A}.Debug|x64.ActiveCfg = Debug|x64
		{35F4B3F7-74F7-46D6-99D7-961B17B5124A}.Debug|x64.Build.0 = Debug|x64
		{35F4B3F7-74F7-46D6-99D7-961B17B5124A}.Debug|x64.Deploy.0 = Debug|x64
		{35F4B3F7-74F7-46D6-99D7-961B17B5124A}.Debug|x86.ActiveCfg = Debug|x86
		{35F4B3F7-74F7-46D6-99D7-961B17B5124A}.Debug|x86.Build.0 = Debug|x86
		{35F4B3F7-74F7-46D6-99D7-961B17B5124A}.Debug|x86.Deploy.0 = Debug|x86
		{35F4B3F7-74F7-46D6-99D7-961B17B5124A}.Release|Any CPU.ActiveCfg = Release|Any CPU
		{35F4B3F7-74F7-46D6-99D7-961B17B5124A}.Release|Any CPU.Build.0 = Release|Any CPU
		{35F4B3F7-74F7-46D6-99D7-961B17B5124A}.Release|Any CPU.Deploy.0 = Release|Any CPU
		{35F4B3F7-74F7-46D6-99D7-961B17B5124A}.Release|ARM.ActiveCfg = Release|ARM
		{35F4B3F7-74F7-46D6-99D7-961B17B5124A}.Release|ARM.Build.0 = Release|ARM
		{35F4B3F7-74F7-46D6-99D7-961B17B5124A}.Release|ARM.Deploy.0 = Release|ARM
		{35F4B3F7-74F7-46D6-99D7-961B17B5124A}.Release|x64.ActiveCfg = Release|x64
		{35F4B3F7-74F7-46D6-99D7-961B17B5124A}.Release|x64.Build.0 = Release|x64
		{35F4B3F7-74F7-46D6-99D7-961B17B5124A}.Release|x64.Deploy.0 = Release|x64
		{35F4B3F7-74F7-46D6-99D7-961B17B5124A}.Release|x86.ActiveCfg = Release|x86
		{35F4B3F7-74F7-46D6-99D7-961B17B5124A}.Release|x86.Build.0 = Release|x86
		{35F4B3F7-74F7-46D6-99D7-961B17B5124A}.Release|x86.Deploy.0 = Release|x86
		{529C3CEF-DE12-4EF3-9C53-A8F00C59792A}.Debug|Any CPU.ActiveCfg = Debug|Any CPU
		{529C3CEF-DE12-4EF3-9C53-A8F00C59792A}.Debug|Any CPU.Build.0 = Debug|Any CPU
		{529C3CEF-DE12-4EF3-9C53-A8F00C59792A}.Debug|Any CPU.Deploy.0 = Debug|Any CPU
		{529C3CEF-DE12-4EF3-9C53-A8F00C59792A}.Debug|ARM.ActiveCfg = Debug|ARM
		{529C3CEF-DE12-4EF3-9C53-A8F00C59792A}.Debug|ARM.Build.0 = Debug|ARM
		{529C3CEF-DE12-4EF3-9C53-A8F00C59792A}.Debug|ARM.Deploy.0 = Debug|ARM
		{529C3CEF-DE12-4EF3-9C53-A8F00C59792A}.Debug|x64.ActiveCfg = Debug|x64
		{529C3CEF-DE12-4EF3-9C53-A8F00C59792A}.Debug|x64.Build.0 = Debug|x64
		{529C3CEF-DE12-4EF3-9C53-A8F00C59792A}.Debug|x64.Deploy.0 = Debug|x64
		{529C3CEF-DE12-4EF3-9C53-A8F00C59792A}.Debug|x86.ActiveCfg = Debug|x86
		{529C3CEF-DE12-4EF3-9C53-A8F00C59792A}.Debug|x86.Build.0 = Debug|x86
		{529C3CEF-DE12-4EF3-9C53-A8F00C59792A}.Debug|x86.Deploy.0 = Debug|x86
		{529C3CEF-DE12-4EF3-9C53-A8F00C59792A}.Release|Any CPU.ActiveCfg = Release|Any CPU
		{529C3CEF-DE12-4EF3-9C53-A8F00C59792A}.Release|Any CPU.Build.0 = Release|Any CPU
		{529C3CEF-DE12-4EF3-9C53-A8F00C59792A}.Release|Any CPU.Deploy.0 = Release|Any CPU
		{529C3CEF-DE12-4EF3-9C53-A8F00C59792A}.Release|ARM.ActiveCfg = Release|ARM
		{529C3CEF-DE12-4EF3-9C53-A8F00C59792A}.Release|ARM.Build.0 = Release|ARM
		{529C3CEF-DE12-4EF3-9C53-A8F00C59792A}.Release|ARM.Deploy.0 = Release|ARM
		{529C3CEF-DE12-4EF3-9C53-A8F00C59792A}.Release|x64.ActiveCfg = Release|x64
		{529C3CEF-DE12-4EF3-9C53-A8F00C59792A}.Release|x64.Build.0 = Release|x64
		{529C3CEF-DE12-4EF3-9C53-A8F00C59792A}.Release|x64.Deploy.0 = Release|x64
		{529C3CEF-DE12-4EF3-9C53-A8F00C59792A}.Release|x86.ActiveCfg = Release|x86
		{529C3CEF-DE12-4EF3-9C53-A8F00C59792A}.Release|x86.Build.0 = Release|x86
		{529C3CEF-DE12-4EF3-9C53-A8F00C59792A}.Release|x86.Deploy.0 = Release|x86
		{3D44057C-F777-4842-AF7F-7CBC8A1D6902}.Debug|Any CPU.ActiveCfg = Debug|Any CPU
		{3D44057C-F777-4842-AF7F-7CBC8A1D6902}.Debug|Any CPU.Build.0 = Debug|Any CPU
		{3D44057C-F777-4842-AF7F-7CBC8A1D6902}.Debug|ARM.ActiveCfg = Debug|Any CPU
		{3D44057C-F777-4842-AF7F-7CBC8A1D6902}.Debug|x64.ActiveCfg = Debug|Any CPU
		{3D44057C-F777-4842-AF7F-7CBC8A1D6902}.Debug|x86.ActiveCfg = Debug|Any CPU
		{3D44057C-F777-4842-AF7F-7CBC8A1D6902}.Release|Any CPU.ActiveCfg = Release|Any CPU
		{3D44057C-F777-4842-AF7F-7CBC8A1D6902}.Release|Any CPU.Build.0 = Release|Any CPU
		{3D44057C-F777-4842-AF7F-7CBC8A1D6902}.Release|ARM.ActiveCfg = Release|Any CPU
		{3D44057C-F777-4842-AF7F-7CBC8A1D6902}.Release|x64.ActiveCfg = Release|Any CPU
		{3D44057C-F777-4842-AF7F-7CBC8A1D6902}.Release|x86.ActiveCfg = Release|Any CPU
		{766EAEBB-A29D-4AE4-9A53-383C9636D6B0}.Debug|Any CPU.ActiveCfg = Debug|Any CPU
		{766EAEBB-A29D-4AE4-9A53-383C9636D6B0}.Debug|Any CPU.Build.0 = Debug|Any CPU
		{766EAEBB-A29D-4AE4-9A53-383C9636D6B0}.Debug|ARM.ActiveCfg = Debug|Any CPU
		{766EAEBB-A29D-4AE4-9A53-383C9636D6B0}.Debug|x64.ActiveCfg = Debug|Any CPU
		{766EAEBB-A29D-4AE4-9A53-383C9636D6B0}.Debug|x86.ActiveCfg = Debug|Any CPU
		{766EAEBB-A29D-4AE4-9A53-383C9636D6B0}.Release|Any CPU.ActiveCfg = Release|Any CPU
		{766EAEBB-A29D-4AE4-9A53-383C9636D6B0}.Release|Any CPU.Build.0 = Release|Any CPU
		{766EAEBB-A29D-4AE4-9A53-383C9636D6B0}.Release|ARM.ActiveCfg = Release|Any CPU
		{766EAEBB-A29D-4AE4-9A53-383C9636D6B0}.Release|x64.ActiveCfg = Release|Any CPU
		{766EAEBB-A29D-4AE4-9A53-383C9636D6B0}.Release|x86.ActiveCfg = Release|Any CPU
	EndGlobalSection
	GlobalSection(SolutionProperties) = preSolution
		HideSolutionNode = FALSE
	EndGlobalSection
EndGlobal
